
Microsoft Visual Studio Solution File, Format Version 12.00
# Visual Studio Version 16
VisualStudioVersion = 16.0.30804.86
MinimumVisualStudioVersion = 10.0.40219.1
Project("{6EC3EE1D-3C4E-46DD-8F32-0CC8E7565705}") = "test", "test.fsproj", "{A417BD4B-5600-4E00-8C23-9FA8A5BCB762}"
EndProject
Global
	GlobalSection(SolutionConfigurationPlatforms) = preSolution
		Debug|Any CPU = Debug|Any CPU
		Release|Any CPU = Release|Any CPU
	EndGlobalSection
	GlobalSection(ProjectConfigurationPlatforms) = postSolution
		{A417BD4B-5600-4E00-8C23-9FA8A5BCB762}.Debug|Any CPU.ActiveCfg = Debug|Any CPU
		{A417BD4B-5600-4E00-8C23-9FA8A5BCB762}.Debug|Any CPU.Build.0 = Debug|Any CPU
		{A417BD4B-5600-4E00-8C23-9FA8A5BCB762}.Release|Any CPU.ActiveCfg = Release|Any CPU
		{A417BD4B-5600-4E00-8C23-9FA8A5BCB762}.Release|Any CPU.Build.0 = Release|Any CPU
	EndGlobalSection
	GlobalSection(SolutionProperties) = preSolution
		HideSolutionNode = FALSE
	EndGlobalSection
	GlobalSection(ExtensibilityGlobals) = postSolution
		SolutionGuid = {574AC1A4-0E00-4CFE-A8DC-FE0D2ABD5AF6}
	EndGlobalSection
EndGlobal
